
Microsoft Visual Studio Solution File, Format Version 12.00
# Visual Studio Version 17
VisualStudioVersion = 17.3.32825.248
MinimumVisualStudioVersion = 10.0.40219.1
Project("{FAE04EC0-301F-11D3-BF4B-00C04F79EFBC}") = "quanlyhoso", "WindowsFormsApp2\quanlyhoso.csproj", "{B71DB842-4FF8-4C97-AE3C-2263A4FA1602}"
EndProject
Project("{FAE04EC0-301F-11D3-BF4B-00C04F79EFBC}") = "ConsoleApp2", "..\WindowsFormsApp1\ConsoleApp2\ConsoleApp2.csproj", "{71035812-C0E8-4AAC-9105-ED5707D41297}"
EndProject
Global
	GlobalSection(SolutionConfigurationPlatforms) = preSolution
		Debug|Any CPU = Debug|Any CPU
		Release|Any CPU = Release|Any CPU
	EndGlobalSection
	GlobalSection(ProjectConfigurationPlatforms) = postSolution
		{B71DB842-4FF8-4C97-AE3C-2263A4FA1602}.Debug|Any CPU.ActiveCfg = Debug|Any CPU
		{B71DB842-4FF8-4C97-AE3C-2263A4FA1602}.Debug|Any CPU.Build.0 = Debug|Any CPU
		{B71DB842-4FF8-4C97-AE3C-2263A4FA1602}.Release|Any CPU.ActiveCfg = Release|Any CPU
		{B71DB842-4FF8-4C97-AE3C-2263A4FA1602}.Release|Any CPU.Build.0 = Release|Any CPU
		{71035812-C0E8-4AAC-9105-ED5707D41297}.Debug|Any CPU.ActiveCfg = Debug|Any CPU
		{71035812-C0E8-4AAC-9105-ED5707D41297}.Debug|Any CPU.Build.0 = Debug|Any CPU
		{71035812-C0E8-4AAC-9105-ED5707D41297}.Release|Any CPU.ActiveCfg = Release|Any CPU
		{71035812-C0E8-4AAC-9105-ED5707D41297}.Release|Any CPU.Build.0 = Release|Any CPU
	EndGlobalSection
	GlobalSection(SolutionProperties) = preSolution
		HideSolutionNode = FALSE
	EndGlobalSection
	GlobalSection(ExtensibilityGlobals) = postSolution
		SolutionGuid = {F9889E75-3FF3-4237-A1BD-F3B2BD096DBC}
	EndGlobalSection
EndGlobal
